// !$*UTF8*$!
{
	archiveVersion = 1;
	classes = {
	};
	objectVersion = 46;
	objects = {

/* Begin PBXBuildFile section */
		EE2677941A98CCB700482F98 /* AppDelegate.swift in Sources */ = {isa = PBXBuildFile; fileRef = EE2677931A98CCB700482F98 /* AppDelegate.swift */; };
		EE2677961A98CCB700482F98 /* ViewController.swift in Sources */ = {isa = PBXBuildFile; fileRef = EE2677951A98CCB700482F98 /* ViewController.swift */; };
		EE2677991A98CCB700482F98 /* Main.storyboard in Resources */ = {isa = PBXBuildFile; fileRef = EE2677971A98CCB700482F98 /* Main.storyboard */; };
		EE26779B1A98CCB700482F98 /* Images.xcassets in Resources */ = {isa = PBXBuildFile; fileRef = EE26779A1A98CCB700482F98 /* Images.xcassets */; };
		EE26779E1A98CCB700482F98 /* LaunchScreen.xib in Resources */ = {isa = PBXBuildFile; fileRef = EE26779C1A98CCB700482F98 /* LaunchScreen.xib */; };
		EE2677AA1A98CCB800482F98 /* RPSTests.swift in Sources */ = {isa = PBXBuildFile; fileRef = EE2677A91A98CCB800482F98 /* RPSTests.swift */; };
/* End PBXBuildFile section */

/* Begin PBXContainerItemProxy section */
		EE2677A41A98CCB700482F98 /* PBXContainerItemProxy */ = {
			isa = PBXContainerItemProxy;
			containerPortal = EE2677861A98CCB700482F98 /* Project object */;
			proxyType = 1;
			remoteGlobalIDString = EE26778D1A98CCB700482F98;
			remoteInfo = RPS;
		};
/* End PBXContainerItemProxy section */

/* Begin PBXFileReference section */
		EE26778E1A98CCB700482F98 /* RPS.app */ = {isa = PBXFileReference; explicitFileType = wrapper.application; includeInIndex = 0; path = RPS.app; sourceTree = BUILT_PRODUCTS_DIR; };
		EE2677921A98CCB700482F98 /* Info.plist */ = {isa = PBXFileReference; lastKnownFileType = text.plist.xml; path = Info.plist; sourceTree = "<group>"; };
		EE2677931A98CCB700482F98 /* AppDelegate.swift */ = {isa = PBXFileReference; lastKnownFileType = sourcecode.swift; path = AppDelegate.swift; sourceTree = "<group>"; };
		EE2677951A98CCB700482F98 /* ViewController.swift */ = {isa = PBXFileReference; lastKnownFileType = sourcecode.swift; path = ViewController.swift; sourceTree = "<group>"; };
		EE2677981A98CCB700482F98 /* Base */ = {isa = PBXFileReference; lastKnownFileType = file.storyboard; name = Base; path = Base.lproj/Main.storyboard; sourceTree = "<group>"; };
		EE26779A1A98CCB700482F98 /* Images.xcassets */ = {isa = PBXFileReference; lastKnownFileType = folder.assetcatalog; path = Images.xcassets; sourceTree = "<group>"; };
		EE26779D1A98CCB700482F98 /* Base */ = {isa = PBXFileReference; lastKnownFileType = file.xib; name = Base; path = Base.lproj/LaunchScreen.xib; sourceTree = "<group>"; };
		EE2677A31A98CCB700482F98 /* RPSTests.xctest */ = {isa = PBXFileReference; explicitFileType = wrapper.cfbundle; includeInIndex = 0; path = RPSTests.xctest; sourceTree = BUILT_PRODUCTS_DIR; };
		EE2677A81A98CCB800482F98 /* Info.plist */ = {isa = PBXFileReference; lastKnownFileType = text.plist.xml; path = Info.plist; sourceTree = "<group>"; };
		EE2677A91A98CCB800482F98 /* RPSTests.swift */ = {isa = PBXFileReference; lastKnownFileType = sourcecode.swift; path = RPSTests.swift; sourceTree = "<group>"; };
/* End PBXFileReference section */

/* Begin PBXFrameworksBuildPhase section */
		EE26778B1A98CCB700482F98 /* Frameworks */ = {
			isa = PBXFrameworksBuildPhase;
			buildActionMask = 2147483647;
			files = (
			);
			runOnlyForDeploymentPostprocessing = 0;
		};
		EE2677A01A98CCB700482F98 /* Frameworks */ = {
			isa = PBXFrameworksBuildPhase;
			buildActionMask = 2147483647;
			files = (
			);
			runOnlyForDeploymentPostprocessing = 0;
		};
/* End PBXFrameworksBuildPhase section */

/* Begin PBXGroup section */
		EE2677851A98CCB700482F98 = {
			isa = PBXGroup;
			children = (
				EE2677901A98CCB700482F98 /* RPS */,
				EE2677A61A98CCB700482F98 /* RPSTests */,
				EE26778F1A98CCB700482F98 /* Products */,
			);
			sourceTree = "<group>";
		};
		EE26778F1A98CCB700482F98 /* Products */ = {
			isa = PBXGroup;
			children = (
				EE26778E1A98CCB700482F98 /* RPS.app */,
				EE2677A31A98CCB700482F98 /* RPSTests.xctest */,
			);
			name = Products;
			sourceTree = "<group>";
		};
		EE2677901A98CCB700482F98 /* RPS */ = {
			isa = PBXGroup;
			children = (
				EE2677931A98CCB700482F98 /* AppDelegate.swift */,
				EE2677951A98CCB700482F98 /* ViewController.swift */,
				EE2677971A98CCB700482F98 /* Main.storyboard */,
				EE26779A1A98CCB700482F98 /* Images.xcassets */,
				EE26779C1A98CCB700482F98 /* LaunchScreen.xib */,
				EE2677911A98CCB700482F98 /* Supporting Files */,
			);
			path = RPS;
			sourceTree = "<group>";
		};
		EE2677911A98CCB700482F98 /* Supporting Files */ = {
			isa = PBXGroup;
			children = (
				EE2677921A98CCB700482F98 /* Info.plist */,
			);
			name = "Supporting Files";
			sourceTree = "<group>";
		};
		EE2677A61A98CCB700482F98 /* RPSTests */ = {
			isa = PBXGroup;
			children = (
				EE2677A91A98CCB800482F98 /* RPSTests.swift */,
				EE2677A71A98CCB800482F98 /* Supporting Files */,
			);
			path = RPSTests;
			sourceTree = "<group>";
		};
		EE2677A71A98CCB800482F98 /* Supporting Files */ = {
			isa = PBXGroup;
			children = (
				EE2677A81A98CCB800482F98 /* Info.plist */,
			);
			name = "Supporting Files";
			sourceTree = "<group>";
		};
/* End PBXGroup section */

/* Begin PBXNativeTarget section */
		EE26778D1A98CCB700482F98 /* RPS */ = {
			isa = PBXNativeTarget;
			buildConfigurationList = EE2677AD1A98CCB800482F98 /* Build configuration list for PBXNativeTarget "RPS" */;
			buildPhases = (
				EE26778A1A98CCB700482F98 /* Sources */,
				EE26778B1A98CCB700482F98 /* Frameworks */,
				EE26778C1A98CCB700482F98 /* Resources */,
			);
			buildRules = (
			);
			dependencies = (
			);
			name = RPS;
			productName = RPS;
			productReference = EE26778E1A98CCB700482F98 /* RPS.app */;
			productType = "com.apple.product-type.application";
		};
		EE2677A21A98CCB700482F98 /* RPSTests */ = {
			isa = PBXNativeTarget;
			buildConfigurationList = EE2677B01A98CCB800482F98 /* Build configuration list for PBXNativeTarget "RPSTests" */;
			buildPhases = (
				EE26779F1A98CCB700482F98 /* Sources */,
				EE2677A01A98CCB700482F98 /* Frameworks */,
				EE2677A11A98CCB700482F98 /* Resources */,
			);
			buildRules = (
			);
			dependencies = (
				EE2677A51A98CCB700482F98 /* PBXTargetDependency */,
			);
			name = RPSTests;
			productName = RPSTests;
			productReference = EE2677A31A98CCB700482F98 /* RPSTests.xctest */;
			productType = "com.apple.product-type.bundle.unit-test";
		};
/* End PBXNativeTarget section */

/* Begin PBXProject section */
		EE2677861A98CCB700482F98 /* Project object */ = {
			isa = PBXProject;
			attributes = {
				LastUpgradeCheck = 0610;
				ORGANIZATIONNAME = "misha birman";
				TargetAttributes = {
					EE26778D1A98CCB700482F98 = {
						CreatedOnToolsVersion = 6.1.1;
					};
					EE2677A21A98CCB700482F98 = {
						CreatedOnToolsVersion = 6.1.1;
						TestTargetID = EE26778D1A98CCB700482F98;
					};
				};
			};
			buildConfigurationList = EE2677891A98CCB700482F98 /* Build configuration list for PBXProject "RPS" */;
			compatibilityVersion = "Xcode 3.2";
			developmentRegion = English;
			hasScannedForEncodings = 0;
			knownRegions = (
				en,
				Base,
			);
			mainGroup = EE2677851A98CCB700482F98;
			productRefGroup = EE26778F1A98CCB700482F98 /* Products */;
			projectDirPath = "";
			projectRoot = "";
			targets = (
				EE26778D1A98CCB700482F98 /* RPS */,
				EE2677A21A98CCB700482F98 /* RPSTests */,
			);
		};
/* End PBXProject section */

/* Begin PBXResourcesBuildPhase section */
		EE26778C1A98CCB700482F98 /* Resources */ = {
			isa = PBXResourcesBuildPhase;
			buildActionMask = 2147483647;
			files = (
				EE2677991A98CCB700482F98 /* Main.storyboard in Resources */,
				EE26779E1A98CCB700482F98 /* LaunchScreen.xib in Resources */,
				EE26779B1A98CCB700482F98 /* Images.xcassets in Resources */,
			);
			runOnlyForDeploymentPostprocessing = 0;
		};
		EE2677A11A98CCB700482F98 /* Resources */ = {
			isa = PBXResourcesBuildPhase;
			buildActionMask = 2147483647;
			files = (
			);
			runOnlyForDeploymentPostprocessing = 0;
		};
/* End PBXResourcesBuildPhase section */

/* Begin PBXSourcesBuildPhase section */
		EE26778A1A98CCB700482F98 /* Sources */ = {
			isa = PBXSourcesBuildPhase;
			buildActionMask = 2147483647;
			files = (
				EE2677961A98CCB700482F98 /* ViewController.swift in Sources */,
				EE2677941A98CCB700482F98 /* AppDelegate.swift in Sources */,
			);
			runOnlyForDeploymentPostprocessing = 0;
		};
		EE26779F1A98CCB700482F98 /* Sources */ = {
			isa = PBXSourcesBuildPhase;
			buildActionMask = 2147483647;
			files = (
				EE2677AA1A98CCB800482F98 /* RPSTests.swift in Sources */,
			);
			runOnlyForDeploymentPostprocessing = 0;
		};
/* End PBXSourcesBuildPhase section */

/* Begin PBXTargetDependency section */
		EE2677A51A98CCB700482F98 /* PBXTargetDependency */ = {
			isa = PBXTargetDependency;
			target = EE26778D1A98CCB700482F98 /* RPS */;
			targetProxy = EE2677A41A98CCB700482F98 /* PBXContainerItemProxy */;
		};
/* End PBXTargetDependency section */

/* Begin PBXVariantGroup section */
		EE2677971A98CCB700482F98 /* Main.storyboard */ = {
			isa = PBXVariantGroup;
			children = (
				EE2677981A98CCB700482F98 /* Base */,
			);
			name = Main.storyboard;
			sourceTree = "<group>";
		};
		EE26779C1A98CCB700482F98 /* LaunchScreen.xib */ = {
			isa = PBXVariantGroup;
			children = (
				EE26779D1A98CCB700482F98 /* Base */,
			);
			name = LaunchScreen.xib;
			sourceTree = "<group>";
		};
/* End PBXVariantGroup section */

/* Begin XCBuildConfiguration section */
		EE2677AB1A98CCB800482F98 /* Debug */ = {
			isa = XCBuildConfiguration;
			buildSettings = {
				ALWAYS_SEARCH_USER_PATHS = NO;
				CLANG_CXX_LANGUAGE_STANDARD = "gnu++0x";
				CLANG_CXX_LIBRARY = "libc++";
				CLANG_ENABLE_MODULES = YES;
				CLANG_ENABLE_OBJC_ARC = YES;
				CLANG_WARN_BOOL_CONVERSION = YES;
				CLANG_WARN_CONSTANT_CONVERSION = YES;
				CLANG_WARN_DIRECT_OBJC_ISA_USAGE = YES_ERROR;
				CLANG_WARN_EMPTY_BODY = YES;
				CLANG_WARN_ENUM_CONVERSION = YES;
				CLANG_WARN_INT_CONVERSION = YES;
				CLANG_WARN_OBJC_ROOT_CLASS = YES_ERROR;
				CLANG_WARN_UNREACHABLE_CODE = YES;
				CLANG_WARN__DUPLICATE_METHOD_MATCH = YES;
				"CODE_SIGN_IDENTITY[sdk=iphoneos*]" = "iPhone Developer";
				COPY_PHASE_STRIP = NO;
				ENABLE_STRICT_OBJC_MSGSEND = YES;
				GCC_C_LANGUAGE_STANDARD = gnu99;
				GCC_DYNAMIC_NO_PIC = NO;
				GCC_OPTIMIZATION_LEVEL = 0;
				GCC_PREPROCESSOR_DEFINITIONS = (
					"DEBUG=1",
					"$(inherited)",
				);
				GCC_SYMBOLS_PRIVATE_EXTERN = NO;
				GCC_WARN_64_TO_32_BIT_CONVERSION = YES;
				GCC_WARN_ABOUT_RETURN_TYPE = YES_ERROR;
				GCC_WARN_UNDECLARED_SELECTOR = YES;
				GCC_WARN_UNINITIALIZED_AUTOS = YES_AGGRESSIVE;
				GCC_WARN_UNUSED_FUNCTION = YES;
				GCC_WARN_UNUSED_VARIABLE = YES;
				IPHONEOS_DEPLOYMENT_TARGET = 8.1;
				MTL_ENABLE_DEBUG_INFO = YES;
				ONLY_ACTIVE_ARCH = YES;
				SDKROOT = iphoneos;
				SWIFT_OPTIMIZATION_LEVEL = "-Onone";
				TARGETED_DEVICE_FAMILY = "1,2";
			};
			name = Debug;
		};
		EE2677AC1A98CCB800482F98 /* Release */ = {
			isa = XCBuildConfiguration;
			buildSettings = {
				ALWAYS_SEARCH_USER_PATHS = NO;
				CLANG_CXX_LANGUAGE_STANDARD = "gnu++0x";
				CLANG_CXX_LIBRARY = "libc++";
				CLANG_ENABLE_MODULES = YES;
				CLANG_ENABLE_OBJC_ARC = YES;
				CLANG_WARN_BOOL_CONVERSION = YES;
				CLANG_WARN_CONSTANT_CONVERSION = YES;
				CLANG_WARN_DIRECT_OBJC_ISA_USAGE = YES_ERROR;
				CLANG_WARN_EMPTY_BODY = YES;
				CLANG_WARN_ENUM_CONVERSION = YES;
				CLANG_WARN_INT_CONVERSION = YES;
				CLANG_WARN_OBJC_ROOT_CLASS = YES_ERROR;
				CLANG_WARN_UNREACHABLE_CODE = YES;
				CLANG_WARN__DUPLICATE_METHOD_MATCH = YES;
				"CODE_SIGN_IDENTITY[sdk=iphoneos*]" = "iPhone Developer";
				COPY_PHASE_STRIP = YES;
				ENABLE_NS_ASSERTIONS = NO;
				ENABLE_STRICT_OBJC_MSGSEND = YES;
				GCC_C_LANGUAGE_STANDARD = gnu99;
				GCC_WARN_64_TO_32_BIT_CONVERSION = YES;
				GCC_WARN_ABOUT_RETURN_TYPE = YES_ERROR;
				GCC_WARN_UNDECLARED_SELECTOR = YES;
				GCC_WARN_UNINITIALIZED_AUTOS = YES_AGGRESSIVE;
				GCC_WARN_UNUSED_FUNCTION = YES;
				GCC_WARN_UNUSED_VARIABLE = YES;
				IPHONEOS_DEPLOYMENT_TARGET = 8.1;
				MTL_ENABLE_DEBUG_INFO = NO;
				SDKROOT = iphoneos;
				TARGETED_DEVICE_FAMILY = "1,2";
				VALIDATE_PRODUCT = YES;
			};
			name = Release;
		};
		EE2677AE1A98CCB800482F98 /* Debug */ = {
			isa = XCBuildConfiguration;
			buildSettings = {
				ASSETCATALOG_COMPILER_APPICON_NAME = AppIcon;
				INFOPLIST_FILE = RPS/Info.plist;
				LD_RUNPATH_SEARCH_PATHS = "$(inherited) @executable_path/Frameworks";
				PRODUCT_NAME = "$(TARGET_NAME)";
			};
			name = Debug;
		};
		EE2677AF1A98CCB800482F98 /* Release */ = {
			isa = XCBuildConfiguration;
			buildSettings = {
				ASSETCATALOG_COMPILER_APPICON_NAME = AppIcon;
				INFOPLIST_FILE = RPS/Info.plist;
				LD_RUNPATH_SEARCH_PATHS = "$(inherited) @executable_path/Frameworks";
				PRODUCT_NAME = "$(TARGET_NAME)";
			};
			name = Release;
		};
		EE2677B11A98CCB800482F98 /* Debug */ = {
			isa = XCBuildConfiguration;
			buildSettings = {
				BUNDLE_LOADER = "$(TEST_HOST)";
				FRAMEWORK_SEARCH_PATHS = (
					"$(SDKROOT)/Developer/Library/Frameworks",
					"$(inherited)",
				);
				GCC_PREPROCESSOR_DEFINITIONS = (
					"DEBUG=1",
					"$(inherited)",
				);
				INFOPLIST_FILE = RPSTests/Info.plist;
				LD_RUNPATH_SEARCH_PATHS = "$(inherited) @executable_path/Frameworks @loader_path/Frameworks";
				PRODUCT_NAME = "$(TARGET_NAME)";
				TEST_HOST = "$(BUILT_PRODUCTS_DIR)/RPS.app/RPS";
			};
			name = Debug;
		};
		EE2677B21A98CCB800482F98 /* Release */ = {
			isa = XCBuildConfiguration;
			buildSettings = {
				BUNDLE_LOADER = "$(TEST_HOST)";
				FRAMEWORK_SEARCH_PATHS = (
					"$(SDKROOT)/Developer/Library/Frameworks",
					"$(inherited)",
				);
				INFOPLIST_FILE = RPSTests/Info.plist;
				LD_RUNPATH_SEARCH_PATHS = "$(inherited) @executable_path/Frameworks @loader_path/Frameworks";
				PRODUCT_NAME = "$(TARGET_NAME)";
				TEST_HOST = "$(BUILT_PRODUCTS_DIR)/RPS.app/RPS";
			};
			name = Release;
		};
/* End XCBuildConfiguration section */

/* Begin XCConfigurationList section */
		EE2677891A98CCB700482F98 /* Build configuration list for PBXProject "RPS" */ = {
			isa = XCConfigurationList;
			buildConfigurations = (
				EE2677AB1A98CCB800482F98 /* Debug */,
				EE2677AC1A98CCB800482F98 /* Release */,
			);
			defaultConfigurationIsVisible = 0;
			defaultConfigurationName = Release;
		};
		EE2677AD1A98CCB800482F98 /* Build configuration list for PBXNativeTarget "RPS" */ = {
			isa = XCConfigurationList;
			buildConfigurations = (
				EE2677AE1A98CCB800482F98 /* Debug */,
				EE2677AF1A98CCB800482F98 /* Release */,
			);
			defaultConfigurationIsVisible = 0;
		};
		EE2677B01A98CCB800482F98 /* Build configuration list for PBXNativeTarget "RPSTests" */ = {
			isa = XCConfigurationList;
			buildConfigurations = (
				EE2677B11A98CCB800482F98 /* Debug */,
				EE2677B21A98CCB800482F98 /* Release */,
			);
			defaultConfigurationIsVisible = 0;
		};
/* End XCConfigurationList section */
	};
	rootObject = EE2677861A98CCB700482F98 /* Project object */;
}
